Microsoft Visual Studio Solution File, Format Version 12.00
# Visual Studio Version 17
VisualStudioVersion = 17.13.35919.96
MinimumVisualStudioVersion = 10.0.40219.1
Project("{FAE04EC0-301F-11D3-BF4B-00C04F79EFBC}") = "DeviceTreeNode", "DeviceTreeNode\DeviceTreeNode.csproj", "{4909BB2B-EAFA-4F70-A9B1-9992352DF0EF}"
EndProject
Project("{FAE04EC0-301F-11D3-BF4B-00C04F79EFBC}") = "DeviceTreeNodeTests", "DeviceTreeNodeTests\DeviceTreeNodeTests.csproj", "{8E02C719-D975-42B2-9277-ABCBCE391779}"
	ProjectSection(ProjectDependencies) = postProject
		{4909BB2B-EAFA-4F70-A9B1-9992352DF0EF} = {4909BB2B-EAFA-4F70-A9B1-9992352DF0EF}
	EndProjectSection
EndProject
Project("{FAE04EC0-301F-11D3-BF4B-00C04F79EFBC}") = "DtbTool", "DtbTool\DtbTool.csproj", "{8E06B3D0-3036-4FF3-B1F3-5AC1148DD5E6}"
EndProject
Project("{FAE04EC0-301F-11D3-BF4B-00C04F79EFBC}") = "Cpio", "Cpio\Cpio.csproj", "{120A5EE9-525A-49A3-B663-E512DDEA18E3}"
EndProject
Project("{FAE04EC0-301F-11D3-BF4B-00C04F79EFBC}") = "HexPatch", "HexPatch\HexPatch.csproj", "{D7AFB63D-C433-46BE-B348-083F669C03B4}"
EndProject
Global
	GlobalSection(SolutionConfigurationPlatforms) = preSolution
		Debug|Any CPU = Debug|Any CPU
		Release|Any CPU = Release|Any CPU
	EndGlobalSection
	GlobalSection(ProjectConfigurationPlatforms) = postSolution
		{4909BB2B-EAFA-4F70-A9B1-9992352DF0EF}.Debug|Any CPU.ActiveCfg = Debug|Any CPU
		{4909BB2B-EAFA-4F70-A9B1-9992352DF0EF}.Debug|Any CPU.Build.0 = Debug|Any CPU
		{4909BB2B-EAFA-4F70-A9B1-9992352DF0EF}.Release|Any CPU.ActiveCfg = Release|Any CPU
		{4909BB2B-EAFA-4F70-A9B1-9992352DF0EF}.Release|Any CPU.Build.0 = Release|Any CPU
		{8E02C719-D975-42B2-9277-ABCBCE391779}.Debug|Any CPU.ActiveCfg = Debug|Any CPU
		{8E02C719-D975-42B2-9277-ABCBCE391779}.Debug|Any CPU.Build.0 = Debug|Any CPU
		{8E02C719-D975-42B2-9277-ABCBCE391779}.Release|Any CPU.ActiveCfg = Release|Any CPU
		{8E02C719-D975-42B2-9277-ABCBCE391779}.Release|Any CPU.Build.0 = Release|Any CPU
		{8E06B3D0-3036-4FF3-B1F3-5AC1148DD5E6}.Debug|Any CPU.ActiveCfg = Debug|Any CPU
		{8E06B3D0-3036-4FF3-B1F3-5AC1148DD5E6}.Debug|Any CPU.Build.0 = Debug|Any CPU
		{8E06B3D0-3036-4FF3-B1F3-5AC1148DD5E6}.Release|Any CPU.ActiveCfg = Release|Any CPU
		{8E06B3D0-3036-4FF3-B1F3-5AC1148DD5E6}.Release|Any CPU.Build.0 = Release|Any CPU
		{120A5EE9-525A-49A3-B663-E512DDEA18E3}.Debug|Any CPU.ActiveCfg = Debug|Any CPU
		{120A5EE9-525A-49A3-B663-E512DDEA18E3}.Debug|Any CPU.Build.0 = Debug|Any CPU
		{120A5EE9-525A-49A3-B663-E512DDEA18E3}.Release|Any CPU.ActiveCfg = Release|Any CPU
		{120A5EE9-525A-49A3-B663-E512DDEA18E3}.Release|Any CPU.Build.0 = Release|Any CPU
		{D7AFB63D-C433-46BE-B348-083F669C03B4}.Debug|Any CPU.ActiveCfg = Debug|Any CPU
		{D7AFB63D-C433-46BE-B348-083F669C03B4}.Debug|Any CPU.Build.0 = Debug|Any CPU
		{D7AFB63D-C433-46BE-B348-083F669C03B4}.Release|Any CPU.ActiveCfg = Release|Any CPU
		{D7AFB63D-C433-46BE-B348-083F669C03B4}.Release|Any CPU.Build.0 = Release|Any CPU
	EndGlobalSection
	GlobalSection(SolutionProperties) = preSolution
		HideSolutionNode = FALSE
	EndGlobalSection
	GlobalSection(ExtensibilityGlobals) = postSolution
		SolutionGuid = {70315251-0382-45D7-8E84-0C3168548057}
	EndGlobalSection
EndGlobal
