Microsoft Visual Studio Solution File, Format Version 12.00
# Visual Studio Version 17
VisualStudioVersion = 17.13.35919.96
MinimumVisualStudioVersion = 10.0.40219.1
Project("{FAE04EC0-301F-11D3-BF4B-00C04F79EFBC}") = "DeviceTreeNode", "D:\Source Code\MagiskBoot-Sharp\DeviceTreeNode\DeviceTreeNode.csproj", "{4909BB2B-EAFA-4F70-A9B1-9992352DF0EF}"
EndProject
Project("{FAE04EC0-301F-11D3-BF4B-00C04F79EFBC}") = "DeviceTreeNodeTests", "D:\Source Code\MagiskBoot-Sharp\DeviceTreeNodeTests\DeviceTreeNodeTests.csproj", "{8E02C719-D975-42B2-9277-ABCBCE391779}"
	ProjectSection(ProjectDependencies) = postProject
		{4909BB2B-EAFA-4F70-A9B1-9992352DF0EF} = {4909BB2B-EAFA-4F70-A9B1-9992352DF0EF}
	EndProjectSection
EndProject
Project("{FAE04EC0-301F-11D3-BF4B-00C04F79EFBC}") = "DtbTool", "D:\Source Code\MagiskBoot-Sharp\DtbTool\DtbTool.csproj", "{8E06B3D0-3036-4FF3-B1F3-5AC1148DD5E6}"
EndProject
Project("{FAE04EC0-301F-11D3-BF4B-00C04F79EFBC}") = "Cpio", "D:\Source Code\MagiskBoot-Sharp\Cpio\Cpio.csproj", "{120A5EE9-525A-49A3-B663-E512DDEA18E3}"
EndProject
Project("{FAE04EC0-301F-11D3-BF4B-00C04F79EFBC}") = "HexPatch", "D:\Source Code\MagiskBoot-Sharp\HexPatch\HexPatch.csproj", "{D7AFB63D-C433-46BE-B348-083F669C03B4}"
EndProject
Project("{FAE04EC0-301F-11D3-BF4B-00C04F79EFBC}") = "FormatCheck", "FormatCheck\FormatCheck.csproj", "{FCD98B3B-44B4-4CAF-B457-5D2302FF4279}"
EndProject
Project("{FAE04EC0-301F-11D3-BF4B-00C04F79EFBC}") = "GzipLibrary", "GzipLibrary\GzipLibrary.csproj", "{F70D7CC7-CCA7-438D-AB35-423F4089E38A}"
EndProject
Project("{FAE04EC0-301F-11D3-BF4B-00C04F79EFBC}") = "BZip2Library", "BZip2Library\BZip2Library.csproj", "{F9D4E18C-4EC8-4307-90CC-A0AAD0993EB1}"
EndProject
Project("{FAE04EC0-301F-11D3-BF4B-00C04F79EFBC}") = "XZLibrary", "XZLibrary\XZLibrary.csproj", "{BE6A22F2-25AF-4CAE-BD42-976070D93C73}"
EndProject
Project("{FAE04EC0-301F-11D3-BF4B-00C04F79EFBC}") = "LZMALibrary", "LZMALibrary\LZMALibrary.csproj", "{59C4FF15-0985-41D6-9619-12C412B256DF}"
EndProject
Project("{FAE04EC0-301F-11D3-BF4B-00C04F79EFBC}") = "LZ4Library", "LZ4Library\LZ4Library.csproj", "{1B152EF7-A626-48B2-8938-FE85AD03994C}"
EndProject
Project("{FAE04EC0-301F-11D3-BF4B-00C04F79EFBC}") = "Compress", "Compress\Compress.csproj", "{5F31B7F4-8641-43A9-AFB8-57B3A203A5FF}"
EndProject
Global
	GlobalSection(SolutionConfigurationPlatforms) = preSolution
		Debug|Any CPU = Debug|Any CPU
		Release|Any CPU = Release|Any CPU
	EndGlobalSection
	GlobalSection(ProjectConfigurationPlatforms) = postSolution
		{4909BB2B-EAFA-4F70-A9B1-9992352DF0EF}.Debug|Any CPU.ActiveCfg = Debug|Any CPU
		{4909BB2B-EAFA-4F70-A9B1-9992352DF0EF}.Debug|Any CPU.Build.0 = Debug|Any CPU
		{4909BB2B-EAFA-4F70-A9B1-9992352DF0EF}.Release|Any CPU.ActiveCfg = Release|Any CPU
		{4909BB2B-EAFA-4F70-A9B1-9992352DF0EF}.Release|Any CPU.Build.0 = Release|Any CPU
		{8E02C719-D975-42B2-9277-ABCBCE391779}.Debug|Any CPU.ActiveCfg = Debug|Any CPU
		{8E02C719-D975-42B2-9277-ABCBCE391779}.Debug|Any CPU.Build.0 = Debug|Any CPU
		{8E02C719-D975-42B2-9277-ABCBCE391779}.Release|Any CPU.ActiveCfg = Release|Any CPU
		{8E02C719-D975-42B2-9277-ABCBCE391779}.Release|Any CPU.Build.0 = Release|Any CPU
		{8E06B3D0-3036-4FF3-B1F3-5AC1148DD5E6}.Debug|Any CPU.ActiveCfg = Debug|Any CPU
		{8E06B3D0-3036-4FF3-B1F3-5AC1148DD5E6}.Debug|Any CPU.Build.0 = Debug|Any CPU
		{8E06B3D0-3036-4FF3-B1F3-5AC1148DD5E6}.Release|Any CPU.ActiveCfg = Release|Any CPU
		{8E06B3D0-3036-4FF3-B1F3-5AC1148DD5E6}.Release|Any CPU.Build.0 = Release|Any CPU
		{120A5EE9-525A-49A3-B663-E512DDEA18E3}.Debug|Any CPU.ActiveCfg = Debug|Any CPU
		{120A5EE9-525A-49A3-B663-E512DDEA18E3}.Debug|Any CPU.Build.0 = Debug|Any CPU
		{120A5EE9-525A-49A3-B663-E512DDEA18E3}.Release|Any CPU.ActiveCfg = Release|Any CPU
		{120A5EE9-525A-49A3-B663-E512DDEA18E3}.Release|Any CPU.Build.0 = Release|Any CPU
		{D7AFB63D-C433-46BE-B348-083F669C03B4}.Debug|Any CPU.ActiveCfg = Debug|Any CPU
		{D7AFB63D-C433-46BE-B348-083F669C03B4}.Debug|Any CPU.Build.0 = Debug|Any CPU
		{D7AFB63D-C433-46BE-B348-083F669C03B4}.Release|Any CPU.ActiveCfg = Release|Any CPU
		{D7AFB63D-C433-46BE-B348-083F669C03B4}.Release|Any CPU.Build.0 = Release|Any CPU
		{FCD98B3B-44B4-4CAF-B457-5D2302FF4279}.Debug|Any CPU.ActiveCfg = Debug|Any CPU
		{FCD98B3B-44B4-4CAF-B457-5D2302FF4279}.Debug|Any CPU.Build.0 = Debug|Any CPU
		{FCD98B3B-44B4-4CAF-B457-5D2302FF4279}.Release|Any CPU.ActiveCfg = Release|Any CPU
		{FCD98B3B-44B4-4CAF-B457-5D2302FF4279}.Release|Any CPU.Build.0 = Release|Any CPU
		{F70D7CC7-CCA7-438D-AB35-423F4089E38A}.Debug|Any CPU.ActiveCfg = Debug|Any CPU
		{F70D7CC7-CCA7-438D-AB35-423F4089E38A}.Debug|Any CPU.Build.0 = Debug|Any CPU
		{F70D7CC7-CCA7-438D-AB35-423F4089E38A}.Release|Any CPU.ActiveCfg = Release|Any CPU
		{F70D7CC7-CCA7-438D-AB35-423F4089E38A}.Release|Any CPU.Build.0 = Release|Any CPU
		{F9D4E18C-4EC8-4307-90CC-A0AAD0993EB1}.Debug|Any CPU.ActiveCfg = Debug|Any CPU
		{F9D4E18C-4EC8-4307-90CC-A0AAD0993EB1}.Debug|Any CPU.Build.0 = Debug|Any CPU
		{F9D4E18C-4EC8-4307-90CC-A0AAD0993EB1}.Release|Any CPU.ActiveCfg = Release|Any CPU
		{F9D4E18C-4EC8-4307-90CC-A0AAD0993EB1}.Release|Any CPU.Build.0 = Release|Any CPU
		{BE6A22F2-25AF-4CAE-BD42-976070D93C73}.Debug|Any CPU.ActiveCfg = Debug|Any CPU
		{BE6A22F2-25AF-4CAE-BD42-976070D93C73}.Debug|Any CPU.Build.0 = Debug|Any CPU
		{BE6A22F2-25AF-4CAE-BD42-976070D93C73}.Release|Any CPU.ActiveCfg = Release|Any CPU
		{BE6A22F2-25AF-4CAE-BD42-976070D93C73}.Release|Any CPU.Build.0 = Release|Any CPU
		{59C4FF15-0985-41D6-9619-12C412B256DF}.Debug|Any CPU.ActiveCfg = Debug|Any CPU
		{59C4FF15-0985-41D6-9619-12C412B256DF}.Debug|Any CPU.Build.0 = Debug|Any CPU
		{59C4FF15-0985-41D6-9619-12C412B256DF}.Release|Any CPU.ActiveCfg = Release|Any CPU
		{59C4FF15-0985-41D6-9619-12C412B256DF}.Release|Any CPU.Build.0 = Release|Any CPU
		{1B152EF7-A626-48B2-8938-FE85AD03994C}.Debug|Any CPU.ActiveCfg = Debug|Any CPU
		{1B152EF7-A626-48B2-8938-FE85AD03994C}.Debug|Any CPU.Build.0 = Debug|Any CPU
		{1B152EF7-A626-48B2-8938-FE85AD03994C}.Release|Any CPU.ActiveCfg = Release|Any CPU
		{1B152EF7-A626-48B2-8938-FE85AD03994C}.Release|Any CPU.Build.0 = Release|Any CPU
		{5F31B7F4-8641-43A9-AFB8-57B3A203A5FF}.Debug|Any CPU.ActiveCfg = Debug|Any CPU
		{5F31B7F4-8641-43A9-AFB8-57B3A203A5FF}.Debug|Any CPU.Build.0 = Debug|Any CPU
		{5F31B7F4-8641-43A9-AFB8-57B3A203A5FF}.Release|Any CPU.ActiveCfg = Release|Any CPU
		{5F31B7F4-8641-43A9-AFB8-57B3A203A5FF}.Release|Any CPU.Build.0 = Release|Any CPU
	EndGlobalSection
	GlobalSection(SolutionProperties) = preSolution
		HideSolutionNode = FALSE
	EndGlobalSection
	GlobalSection(ExtensibilityGlobals) = postSolution
		SolutionGuid = {70315251-0382-45D7-8E84-0C3168548057}
	EndGlobalSection
EndGlobal
